
Microsoft Visual Studio Solution File, Format Version 12.00
# Visual Studio Version 17
VisualStudioVersion = 17.4.33110.190
MinimumVisualStudioVersion = 10.0.40219.1
Project("{FAE04EC0-301F-11D3-BF4B-00C04F79EFBC}") = "WhatsNew", "WhatsNew.Tests/WhatsNew.csproj", "{80AAA0A1-C8AE-4CC5-A070-410C6EF9C95F}"
EndProject
Global
	GlobalSection(SolutionConfigurationPlatforms) = preSolution
		Debug|Any CPU = Debug|Any CPU
		Release|Any CPU = Release|Any CPU
	EndGlobalSection
	GlobalSection(ProjectConfigurationPlatforms) = postSolution
		{80AAA0A1-C8AE-4CC5-A070-410C6EF9C95F}.Debug|Any CPU.ActiveCfg = Debug|Any CPU
		{80AAA0A1-C8AE-4CC5-A070-410C6EF9C95F}.Debug|Any CPU.Build.0 = Debug|Any CPU
		{80AAA0A1-C8AE-4CC5-A070-410C6EF9C95F}.Release|Any CPU.ActiveCfg = Release|Any CPU
		{80AAA0A1-C8AE-4CC5-A070-410C6EF9C95F}.Release|Any CPU.Build.0 = Release|Any CPU
	EndGlobalSection
	GlobalSection(SolutionProperties) = preSolution
		HideSolutionNode = FALSE
	EndGlobalSection
	GlobalSection(ExtensibilityGlobals) = postSolution
		SolutionGuid = {B903273E-C47F-4D1E-8F3A-5F706A626A1C}
	EndGlobalSection
EndGlobal
